
Microsoft Visual Studio Solution File, Format Version 12.00
# Visual Studio Version 17
VisualStudioVersion = 17.14.36221.1 d17.14
MinimumVisualStudioVersion = 10.0.40219.1
Project("{FAE04EC0-301F-11D3-BF4B-00C04F79EFBC}") = "problem2", "problem2\problem2.csproj", "{C67E6323-EBC5-42CD-9D59-9DB247AF1C0D}"
EndProject
Global
	GlobalSection(SolutionConfigurationPlatforms) = preSolution
		Debug|Any CPU = Debug|Any CPU
		Release|Any CPU = Release|Any CPU
	EndGlobalSection
	GlobalSection(ProjectConfigurationPlatforms) = postSolution
		{C67E6323-EBC5-42CD-9D59-9DB247AF1C0D}.Debug|Any CPU.ActiveCfg = Debug|Any CPU
		{C67E6323-EBC5-42CD-9D59-9DB247AF1C0D}.Debug|Any CPU.Build.0 = Debug|Any CPU
		{C67E6323-EBC5-42CD-9D59-9DB247AF1C0D}.Release|Any CPU.ActiveCfg = Release|Any CPU
		{C67E6323-EBC5-42CD-9D59-9DB247AF1C0D}.Release|Any CPU.Build.0 = Release|Any CPU
	EndGlobalSection
	GlobalSection(SolutionProperties) = preSolution
		HideSolutionNode = FALSE
	EndGlobalSection
	GlobalSection(ExtensibilityGlobals) = postSolution
		SolutionGuid = {3B499714-707F-4087-8519-EBB3376F73FC}
	EndGlobalSection
EndGlobal
